
Microsoft Visual Studio Solution File, Format Version 12.00
# Visual Studio Version 16
VisualStudioVersion = 16.0.30309.148
MinimumVisualStudioVersion = 10.0.40219.1
Project("{FAE04EC0-301F-11D3-BF4B-00C04F79EFBC}") = "MerchantGameConsole", "MerchantGameConsole.csproj", "{EFA0B323-D014-4214-B326-F9962163248A}"
EndProject
Project("{FAE04EC0-301F-11D3-BF4B-00C04F79EFBC}") = "MerchantGameConsoleTests", "..\MerchantGameConsoleTests\MerchantGameConsoleTests.csproj", "{FED7E11E-0C04-4B4D-B16C-143B2EB49DD0}"
EndProject
Global
	GlobalSection(SolutionConfigurationPlatforms) = preSolution
		Debug|Any CPU = Debug|Any CPU
		Release|Any CPU = Release|Any CPU
	EndGlobalSection
	GlobalSection(ProjectConfigurationPlatforms) = postSolution
		{EFA0B323-D014-4214-B326-F9962163248A}.Debug|Any CPU.ActiveCfg = Debug|Any CPU
		{EFA0B323-D014-4214-B326-F9962163248A}.Debug|Any CPU.Build.0 = Debug|Any CPU
		{EFA0B323-D014-4214-B326-F9962163248A}.Release|Any CPU.ActiveCfg = Release|Any CPU
		{EFA0B323-D014-4214-B326-F9962163248A}.Release|Any CPU.Build.0 = Release|Any CPU
		{FED7E11E-0C04-4B4D-B16C-143B2EB49DD0}.Debug|Any CPU.ActiveCfg = Debug|Any CPU
		{FED7E11E-0C04-4B4D-B16C-143B2EB49DD0}.Debug|Any CPU.Build.0 = Debug|Any CPU
		{FED7E11E-0C04-4B4D-B16C-143B2EB49DD0}.Release|Any CPU.ActiveCfg = Release|Any CPU
		{FED7E11E-0C04-4B4D-B16C-143B2EB49DD0}.Release|Any CPU.Build.0 = Release|Any CPU
	EndGlobalSection
	GlobalSection(SolutionProperties) = preSolution
		HideSolutionNode = FALSE
	EndGlobalSection
	GlobalSection(ExtensibilityGlobals) = postSolution
		SolutionGuid = {C1CB2658-23EE-42AB-8ED3-0727832DE53D}
	EndGlobalSection
EndGlobal
